
Microsoft Visual Studio Solution File, Format Version 12.00
# Visual Studio Version 17
VisualStudioVersion = 17.13.35828.75
MinimumVisualStudioVersion = 10.0.40219.1
Project("{FAE04EC0-301F-11D3-BF4B-00C04F79EFBC}") = "LightInsight", "LightInsight\LightInsight.csproj", "{EF3D62FE-404E-4DF0-B584-4E19F24AE897}"
EndProject
Project("{FAE04EC0-301F-11D3-BF4B-00C04F79EFBC}") = "LightInsight.BUS", "LightInsight.BUS\LightInsight.BUS.csproj", "{4C64ECDC-3B35-49CF-AF70-C075DD71CB3C}"
EndProject
Project("{FAE04EC0-301F-11D3-BF4B-00C04F79EFBC}") = "LightInsight.DAL", "LightInsight.DAL\LightInsight.DAL.csproj", "{5CA5EA76-CFCB-4077-ADFF-A0FE3D460DD7}"
EndProject
Project("{FAE04EC0-301F-11D3-BF4B-00C04F79EFBC}") = "LightInsightService", "LightInsightService\LightInsightService.csproj", "{2EEC4D8D-D20A-4B09-AD37-3E9F83BA3403}"
EndProject
Project("{FAE04EC0-301F-11D3-BF4B-00C04F79EFBC}") = "ServiceBUS", "ServiceBUS\ServiceBUS.csproj", "{A325071B-DC8C-45DD-B224-5957D7086D57}"
EndProject
Project("{FAE04EC0-301F-11D3-BF4B-00C04F79EFBC}") = "ServiceDAL", "ServiceDAL\ServiceDAL.csproj", "{200EDB11-8638-4FF9-8DEB-8FBB844C9A77}"
EndProject
Project("{FAE04EC0-301F-11D3-BF4B-00C04F79EFBC}") = "ServiceUltilities", "ServiceUltilities\ServiceUltilities.csproj", "{4D0E6893-F8D1-43DC-9B22-29C18458E77A}"
EndProject
Global
	GlobalSection(SolutionConfigurationPlatforms) = preSolution
		Debug|Any CPU = Debug|Any CPU
		Debug|x64 = Debug|x64
		Release|Any CPU = Release|Any CPU
		Release|x64 = Release|x64
	EndGlobalSection
	GlobalSection(ProjectConfigurationPlatforms) = postSolution
		{EF3D62FE-404E-4DF0-B584-4E19F24AE897}.Debug|Any CPU.ActiveCfg = Debug|Any CPU
		{EF3D62FE-404E-4DF0-B584-4E19F24AE897}.Debug|Any CPU.Build.0 = Debug|Any CPU
		{EF3D62FE-404E-4DF0-B584-4E19F24AE897}.Debug|x64.ActiveCfg = Debug|x64
		{EF3D62FE-404E-4DF0-B584-4E19F24AE897}.Debug|x64.Build.0 = Debug|x64
		{EF3D62FE-404E-4DF0-B584-4E19F24AE897}.Release|Any CPU.ActiveCfg = Release|Any CPU
		{EF3D62FE-404E-4DF0-B584-4E19F24AE897}.Release|Any CPU.Build.0 = Release|Any CPU
		{EF3D62FE-404E-4DF0-B584-4E19F24AE897}.Release|x64.ActiveCfg = Release|x64
		{EF3D62FE-404E-4DF0-B584-4E19F24AE897}.Release|x64.Build.0 = Release|x64
		{4C64ECDC-3B35-49CF-AF70-C075DD71CB3C}.Debug|Any CPU.ActiveCfg = Debug|Any CPU
		{4C64ECDC-3B35-49CF-AF70-C075DD71CB3C}.Debug|Any CPU.Build.0 = Debug|Any CPU
		{4C64ECDC-3B35-49CF-AF70-C075DD71CB3C}.Debug|x64.ActiveCfg = Debug|x64
		{4C64ECDC-3B35-49CF-AF70-C075DD71CB3C}.Debug|x64.Build.0 = Debug|x64
		{4C64ECDC-3B35-49CF-AF70-C075DD71CB3C}.Release|Any CPU.ActiveCfg = Release|Any CPU
		{4C64ECDC-3B35-49CF-AF70-C075DD71CB3C}.Release|Any CPU.Build.0 = Release|Any CPU
		{4C64ECDC-3B35-49CF-AF70-C075DD71CB3C}.Release|x64.ActiveCfg = Release|x64
		{4C64ECDC-3B35-49CF-AF70-C075DD71CB3C}.Release|x64.Build.0 = Release|x64
		{5CA5EA76-CFCB-4077-ADFF-A0FE3D460DD7}.Debug|Any CPU.ActiveCfg = Debug|Any CPU
		{5CA5EA76-CFCB-4077-ADFF-A0FE3D460DD7}.Debug|Any CPU.Build.0 = Debug|Any CPU
		{5CA5EA76-CFCB-4077-ADFF-A0FE3D460DD7}.Debug|x64.ActiveCfg = Debug|Any CPU
		{5CA5EA76-CFCB-4077-ADFF-A0FE3D460DD7}.Debug|x64.Build.0 = Debug|Any CPU
		{5CA5EA76-CFCB-4077-ADFF-A0FE3D460DD7}.Release|Any CPU.ActiveCfg = Release|Any CPU
		{5CA5EA76-CFCB-4077-ADFF-A0FE3D460DD7}.Release|Any CPU.Build.0 = Release|Any CPU
		{5CA5EA76-CFCB-4077-ADFF-A0FE3D460DD7}.Release|x64.ActiveCfg = Release|Any CPU
		{5CA5EA76-CFCB-4077-ADFF-A0FE3D460DD7}.Release|x64.Build.0 = Release|Any CPU
		{2EEC4D8D-D20A-4B09-AD37-3E9F83BA3403}.Debug|Any CPU.ActiveCfg = Debug|Any CPU
		{2EEC4D8D-D20A-4B09-AD37-3E9F83BA3403}.Debug|Any CPU.Build.0 = Debug|Any CPU
		{2EEC4D8D-D20A-4B09-AD37-3E9F83BA3403}.Debug|x64.ActiveCfg = Debug|Any CPU
		{2EEC4D8D-D20A-4B09-AD37-3E9F83BA3403}.Debug|x64.Build.0 = Debug|Any CPU
		{2EEC4D8D-D20A-4B09-AD37-3E9F83BA3403}.Release|Any CPU.ActiveCfg = Release|Any CPU
		{2EEC4D8D-D20A-4B09-AD37-3E9F83BA3403}.Release|Any CPU.Build.0 = Release|Any CPU
		{2EEC4D8D-D20A-4B09-AD37-3E9F83BA3403}.Release|x64.ActiveCfg = Release|Any CPU
		{2EEC4D8D-D20A-4B09-AD37-3E9F83BA3403}.Release|x64.Build.0 = Release|Any CPU
		{A325071B-DC8C-45DD-B224-5957D7086D57}.Debug|Any CPU.ActiveCfg = Debug|Any CPU
		{A325071B-DC8C-45DD-B224-5957D7086D57}.Debug|Any CPU.Build.0 = Debug|Any CPU
		{A325071B-DC8C-45DD-B224-5957D7086D57}.Debug|x64.ActiveCfg = Debug|Any CPU
		{A325071B-DC8C-45DD-B224-5957D7086D57}.Debug|x64.Build.0 = Debug|Any CPU
		{A325071B-DC8C-45DD-B224-5957D7086D57}.Release|Any CPU.ActiveCfg = Release|Any CPU
		{A325071B-DC8C-45DD-B224-5957D7086D57}.Release|Any CPU.Build.0 = Release|Any CPU
		{A325071B-DC8C-45DD-B224-5957D7086D57}.Release|x64.ActiveCfg = Release|Any CPU
		{A325071B-DC8C-45DD-B224-5957D7086D57}.Release|x64.Build.0 = Release|Any CPU
		{200EDB11-8638-4FF9-8DEB-8FBB844C9A77}.Debug|Any CPU.ActiveCfg = Debug|Any CPU
		{200EDB11-8638-4FF9-8DEB-8FBB844C9A77}.Debug|Any CPU.Build.0 = Debug|Any CPU
		{200EDB11-8638-4FF9-8DEB-8FBB844C9A77}.Debug|x64.ActiveCfg = Debug|Any CPU
		{200EDB11-8638-4FF9-8DEB-8FBB844C9A77}.Debug|x64.Build.0 = Debug|Any CPU
		{200EDB11-8638-4FF9-8DEB-8FBB844C9A77}.Release|Any CPU.ActiveCfg = Release|Any CPU
		{200EDB11-8638-4FF9-8DEB-8FBB844C9A77}.Release|Any CPU.Build.0 = Release|Any CPU
		{200EDB11-8638-4FF9-8DEB-8FBB844C9A77}.Release|x64.ActiveCfg = Release|Any CPU
		{200EDB11-8638-4FF9-8DEB-8FBB844C9A77}.Release|x64.Build.0 = Release|Any CPU
		{4D0E6893-F8D1-43DC-9B22-29C18458E77A}.Debug|Any CPU.ActiveCfg = Debug|Any CPU
		{4D0E6893-F8D1-43DC-9B22-29C18458E77A}.Debug|Any CPU.Build.0 = Debug|Any CPU
		{4D0E6893-F8D1-43DC-9B22-29C18458E77A}.Debug|x64.ActiveCfg = Debug|Any CPU
		{4D0E6893-F8D1-43DC-9B22-29C18458E77A}.Debug|x64.Build.0 = Debug|Any CPU
		{4D0E6893-F8D1-43DC-9B22-29C18458E77A}.Release|Any CPU.ActiveCfg = Release|Any CPU
		{4D0E6893-F8D1-43DC-9B22-29C18458E77A}.Release|Any CPU.Build.0 = Release|Any CPU
		{4D0E6893-F8D1-43DC-9B22-29C18458E77A}.Release|x64.ActiveCfg = Release|Any CPU
		{4D0E6893-F8D1-43DC-9B22-29C18458E77A}.Release|x64.Build.0 = Release|Any CPU
	EndGlobalSection
	GlobalSection(SolutionProperties) = preSolution
		HideSolutionNode = FALSE
	EndGlobalSection
	GlobalSection(ExtensibilityGlobals) = postSolution
		SolutionGuid = {9151C678-39AA-4449-B6DB-86C74B1BBD96}
	EndGlobalSection
EndGlobal
